
Microsoft Visual Studio Solution File, Format Version 12.00
# Visual Studio Version 17
VisualStudioVersion = 17.11.35312.102
MinimumVisualStudioVersion = 10.0.40219.1
Project("{FAE04EC0-301F-11D3-BF4B-00C04F79EFBC}") = "WebApiGITDay12", "WebApiGITDay12\WebApiGITDay12.csproj", "{E30100CD-C2B2-4E02-B0BC-0116978832D9}"
EndProject
Global
	GlobalSection(SolutionConfigurationPlatforms) = preSolution
		Debug|Any CPU = Debug|Any CPU
		Release|Any CPU = Release|Any CPU
	EndGlobalSection
	GlobalSection(ProjectConfigurationPlatforms) = postSolution
		{E30100CD-C2B2-4E02-B0BC-0116978832D9}.Debug|Any CPU.ActiveCfg = Debug|Any CPU
		{E30100CD-C2B2-4E02-B0BC-0116978832D9}.Debug|Any CPU.Build.0 = Debug|Any CPU
		{E30100CD-C2B2-4E02-B0BC-0116978832D9}.Release|Any CPU.ActiveCfg = Release|Any CPU
		{E30100CD-C2B2-4E02-B0BC-0116978832D9}.Release|Any CPU.Build.0 = Release|Any CPU
	EndGlobalSection
	GlobalSection(SolutionProperties) = preSolution
		HideSolutionNode = FALSE
	EndGlobalSection
	GlobalSection(ExtensibilityGlobals) = postSolution
		SolutionGuid = {B1B99F21-7D48-4765-AB7A-6AC9C1C8E04F}
	EndGlobalSection
EndGlobal
